// !$*UTF8*$!
{
	archiveVersion = 1;
	classes = {
	};
	objectVersion = 46;
	objects = {

/* Begin PBXBuildFile section */
		76EBCDB4096C252FF1DAD961 /* Pods_DonoUITests.framework in Frameworks */ = {isa = PBXBuildFile; fileRef = B295025BFFE167C1C6FA3111 /* Pods_DonoUITests.framework */; };
		800A2301B267EE4BCAFA7612 /* Pods_DonoTests.framework in Frameworks */ = {isa = PBXBuildFile; fileRef = 99466D8D38FDFDB8C990F5A7 /* Pods_DonoTests.framework */; };
		E60618361D08B0780081B943 /* en.lproj in Resources */ = {isa = PBXBuildFile; fileRef = E60618351D08B0780081B943 /* en.lproj */; };
		E60D56EC1D444A0B001006AE /* privacy-policy.pdf in Resources */ = {isa = PBXBuildFile; fileRef = E60D56EB1D444A0B001006AE /* privacy-policy.pdf */; };
		E65660AD1D4949B70017DE75 /* SourceCodeTableViewCell.swift in Sources */ = {isa = PBXBuildFile; fileRef = E65660AC1D4949B70017DE75 /* SourceCodeTableViewCell.swift */; };
		E67689331D3FF89C00536FB2 /* VersionTableViewCell.swift in Sources */ = {isa = PBXBuildFile; fileRef = E67689321D3FF89C00536FB2 /* VersionTableViewCell.swift */; };
		E696B71F1D3E961E00D3339E /* AddLabelViewController.swift in Sources */ = {isa = PBXBuildFile; fileRef = E696B7181D3E961E00D3339E /* AddLabelViewController.swift */; };
		E696B7201D3E961E00D3339E /* BackTableViewController.swift in Sources */ = {isa = PBXBuildFile; fileRef = E696B7191D3E961E00D3339E /* BackTableViewController.swift */; };
		E696B7211D3E961E00D3339E /* DonoTableViewController.swift in Sources */ = {isa = PBXBuildFile; fileRef = E696B71A1D3E961E00D3339E /* DonoTableViewController.swift */; };
		E696B7221D3E961E00D3339E /* DonoViewController.swift in Sources */ = {isa = PBXBuildFile; fileRef = E696B71B1D3E961E00D3339E /* DonoViewController.swift */; };
		E696B7231D3E961E00D3339E /* KeyViewController.swift in Sources */ = {isa = PBXBuildFile; fileRef = E696B71C1D3E961E00D3339E /* KeyViewController.swift */; };
		E696B7241D3E961E00D3339E /* LabelsViewController.swift in Sources */ = {isa = PBXBuildFile; fileRef = E696B71D1D3E961E00D3339E /* LabelsViewController.swift */; };
		E696B7251D3E961E00D3339E /* SettingsViewController.swift in Sources */ = {isa = PBXBuildFile; fileRef = E696B71E1D3E961E00D3339E /* SettingsViewController.swift */; };
		E696B7291D3E964800D3339E /* DonoViewFactory.swift in Sources */ = {isa = PBXBuildFile; fileRef = E696B7271D3E964800D3339E /* DonoViewFactory.swift */; };
		E696B72A1D3E964800D3339E /* PasscodeLockView.xib in Resources */ = {isa = PBXBuildFile; fileRef = E696B7281D3E964800D3339E /* PasscodeLockView.xib */; };
		E696B7311D3E967D00D3339E /* PasscodeLockConfiguration.swift in Sources */ = {isa = PBXBuildFile; fileRef = E696B72C1D3E967D00D3339E /* PasscodeLockConfiguration.swift */; };
		E696B7321D3E967D00D3339E /* PersistableKey.swift in Sources */ = {isa = PBXBuildFile; fileRef = E696B72D1D3E967D00D3339E /* PersistableKey.swift */; };
		E696B7331D3E967D00D3339E /* PersistableLabels.swift in Sources */ = {isa = PBXBuildFile; fileRef = E696B72E1D3E967D00D3339E /* PersistableLabels.swift */; };
		E696B7341D3E967D00D3339E /* Settings.swift in Sources */ = {isa = PBXBuildFile; fileRef = E696B72F1D3E967D00D3339E /* Settings.swift */; };
		E696B7351D3E967D00D3339E /* UserDefaultsPasscodeRepository.swift in Sources */ = {isa = PBXBuildFile; fileRef = E696B7301D3E967D00D3339E /* UserDefaultsPasscodeRepository.swift */; };
		E6999BF41D3FFBB500E53FAC /* PrivacyPolicyTableViewCell.swift in Sources */ = {isa = PBXBuildFile; fileRef = E6999BF31D3FFBB500E53FAC /* PrivacyPolicyTableViewCell.swift */; };
		E6999BF81D4003A900E53FAC /* ContactUsTableViewCell.swift in Sources */ = {isa = PBXBuildFile; fileRef = E6999BF71D4003A900E53FAC /* ContactUsTableViewCell.swift */; };
		E6999BFC1D40167200E53FAC /* FooterLabel.swift in Sources */ = {isa = PBXBuildFile; fileRef = E6999BFB1D40167200E53FAC /* FooterLabel.swift */; };
		E6999BFE1D401C8400E53FAC /* ChangePinTableViewCell.swift in Sources */ = {isa = PBXBuildFile; fileRef = E6999BFD1D401C8400E53FAC /* ChangePinTableViewCell.swift */; };
		E6A9BF7B1D69C01B00B39AA2 /* HowItWorksTableViewCell.swift in Sources */ = {isa = PBXBuildFile; fileRef = E6A9BF7A1D69C01B00B39AA2 /* HowItWorksTableViewCell.swift */; };
		E6A9BF7F1D69C87D00B39AA2 /* dono.pdf in Resources */ = {isa = PBXBuildFile; fileRef = E6A9BF7E1D69C87D00B39AA2 /* dono.pdf */; };
		E6CED9291C74DC1F00B7A642 /* AppDelegate.swift in Sources */ = {isa = PBXBuildFile; fileRef = E6CED9281C74DC1F00B7A642 /* AppDelegate.swift */; };
		E6CED92E1C74DC1F00B7A642 /* Main.storyboard in Resources */ = {isa = PBXBuildFile; fileRef = E6CED92C1C74DC1F00B7A642 /* Main.storyboard */; };
		E6CED9301C74DC1F00B7A642 /* Assets.xcassets in Resources */ = {isa = PBXBuildFile; fileRef = E6CED92F1C74DC1F00B7A642 /* Assets.xcassets */; };
		E6CED9331C74DC1F00B7A642 /* LaunchScreen.storyboard in Resources */ = {isa = PBXBuildFile; fileRef = E6CED9311C74DC1F00B7A642 /* LaunchScreen.storyboard */; };
		E6CED93E1C74DC1F00B7A642 /* DonoTests.swift in Sources */ = {isa = PBXBuildFile; fileRef = E6CED93D1C74DC1F00B7A642 /* DonoTests.swift */; };
		E6CED9491C74DC1F00B7A642 /* DonoUITests.swift in Sources */ = {isa = PBXBuildFile; fileRef = E6CED9481C74DC1F00B7A642 /* DonoUITests.swift */; };
		FCB12F0142689143A47FFDD4 /* Pods_Dono.framework in Frameworks */ = {isa = PBXBuildFile; fileRef = 90A644B9F23A12D4E84110B7 /* Pods_Dono.framework */; };
/* End PBXBuildFile section */

/* Begin PBXContainerItemProxy section */
		E6CED93A1C74DC1F00B7A642 /* PBXContainerItemProxy */ = {
			isa = PBXContainerItemProxy;
			containerPortal = E6CED91D1C74DC1F00B7A642 /* Project object */;
			proxyType = 1;
			remoteGlobalIDString = E6CED9241C74DC1F00B7A642;
			remoteInfo = Dono;
		};
		E6CED9451C74DC1F00B7A642 /* PBXContainerItemProxy */ = {
			isa = PBXContainerItemProxy;
			containerPortal = E6CED91D1C74DC1F00B7A642 /* Project object */;
			proxyType = 1;
			remoteGlobalIDString = E6CED9241C74DC1F00B7A642;
			remoteInfo = Dono;
		};
/* End PBXContainerItemProxy section */

/* Begin PBXFileReference section */
		3C143D2776BAF3EA2E32D5A2 /* Pods-DonoUITests.debug.xcconfig */ = {isa = PBXFileReference; includeInIndex = 1; lastKnownFileType = text.xcconfig; name = "Pods-DonoUITests.debug.xcconfig"; path = "Pods/Target Support Files/Pods-DonoUITests/Pods-DonoUITests.debug.xcconfig"; sourceTree = "<group>"; };
		573C44ED2F6AAB9E81001AAA /* Pods-Dono.debug.xcconfig */ = {isa = PBXFileReference; includeInIndex = 1; lastKnownFileType = text.xcconfig; name = "Pods-Dono.debug.xcconfig"; path = "Pods/Target Support Files/Pods-Dono/Pods-Dono.debug.xcconfig"; sourceTree = "<group>"; };
		5929B9314FBA949C219797CD /* Pods-DonoUITests.release.xcconfig */ = {isa = PBXFileReference; includeInIndex = 1; lastKnownFileType = text.xcconfig; name = "Pods-DonoUITests.release.xcconfig"; path = "Pods/Target Support Files/Pods-DonoUITests/Pods-DonoUITests.release.xcconfig"; sourceTree = "<group>"; };
		5E338423E74FC715A6839CDC /* Pods-DonoTests.debug.xcconfig */ = {isa = PBXFileReference; includeInIndex = 1; lastKnownFileType = text.xcconfig; name = "Pods-DonoTests.debug.xcconfig"; path = "Pods/Target Support Files/Pods-DonoTests/Pods-DonoTests.debug.xcconfig"; sourceTree = "<group>"; };
		647E1332B920A8D50A4A5459 /* Pods-DonoTests.release.xcconfig */ = {isa = PBXFileReference; includeInIndex = 1; lastKnownFileType = text.xcconfig; name = "Pods-DonoTests.release.xcconfig"; path = "Pods/Target Support Files/Pods-DonoTests/Pods-DonoTests.release.xcconfig"; sourceTree = "<group>"; };
		90A644B9F23A12D4E84110B7 /* Pods_Dono.framework */ = {isa = PBXFileReference; explicitFileType = wrapper.framework; includeInIndex = 0; path = Pods_Dono.framework; sourceTree = BUILT_PRODUCTS_DIR; };
		99466D8D38FDFDB8C990F5A7 /* Pods_DonoTests.framework */ = {isa = PBXFileReference; explicitFileType = wrapper.framework; includeInIndex = 0; path = Pods_DonoTests.framework; sourceTree = BUILT_PRODUCTS_DIR; };
		B295025BFFE167C1C6FA3111 /* Pods_DonoUITests.framework */ = {isa = PBXFileReference; explicitFileType = wrapper.framework; includeInIndex = 0; path = Pods_DonoUITests.framework; sourceTree = BUILT_PRODUCTS_DIR; };
		E3AE7F8069A51D892D2ACD71 /* Pods-Dono.release.xcconfig */ = {isa = PBXFileReference; includeInIndex = 1; lastKnownFileType = text.xcconfig; name = "Pods-Dono.release.xcconfig"; path = "Pods/Target Support Files/Pods-Dono/Pods-Dono.release.xcconfig"; sourceTree = "<group>"; };
		E60618351D08B0780081B943 /* en.lproj */ = {isa = PBXFileReference; lastKnownFileType = folder; path = en.lproj; sourceTree = "<group>"; };
		E60D56EB1D444A0B001006AE /* privacy-policy.pdf */ = {isa = PBXFileReference; lastKnownFileType = image.pdf; path = "privacy-policy.pdf"; sourceTree = "<group>"; };
		E65660AC1D4949B70017DE75 /* SourceCodeTableViewCell.swift */ = {isa = PBXFileReference; fileEncoding = 4; lastKnownFileType = sourcecode.swift; path = SourceCodeTableViewCell.swift; sourceTree = "<group>"; };
		E67689321D3FF89C00536FB2 /* VersionTableViewCell.swift */ = {isa = PBXFileReference; fileEncoding = 4; lastKnownFileType = sourcecode.swift; path = VersionTableViewCell.swift; sourceTree = "<group>"; };
		E696B7181D3E961E00D3339E /* AddLabelViewController.swift */ = {isa = PBXFileReference; fileEncoding = 4; lastKnownFileType = sourcecode.swift; path = AddLabelViewController.swift; sourceTree = "<group>"; };
		E696B7191D3E961E00D3339E /* BackTableViewController.swift */ = {isa = PBXFileReference; fileEncoding = 4; lastKnownFileType = sourcecode.swift; path = BackTableViewController.swift; sourceTree = "<group>"; };
		E696B71A1D3E961E00D3339E /* DonoTableViewController.swift */ = {isa = PBXFileReference; fileEncoding = 4; lastKnownFileType = sourcecode.swift; path = DonoTableViewController.swift; sourceTree = "<group>"; };
		E696B71B1D3E961E00D3339E /* DonoViewController.swift */ = {isa = PBXFileReference; fileEncoding = 4; lastKnownFileType = sourcecode.swift; path = DonoViewController.swift; sourceTree = "<group>"; };
		E696B71C1D3E961E00D3339E /* KeyViewController.swift */ = {isa = PBXFileReference; fileEncoding = 4; lastKnownFileType = sourcecode.swift; path = KeyViewController.swift; sourceTree = "<group>"; };
		E696B71D1D3E961E00D3339E /* LabelsViewController.swift */ = {isa = PBXFileReference; fileEncoding = 4; lastKnownFileType = sourcecode.swift; path = LabelsViewController.swift; sourceTree = "<group>"; };
		E696B71E1D3E961E00D3339E /* SettingsViewController.swift */ = {isa = PBXFileReference; fileEncoding = 4; lastKnownFileType = sourcecode.swift; path = SettingsViewController.swift; sourceTree = "<group>"; };
		E696B7271D3E964800D3339E /* DonoViewFactory.swift */ = {isa = PBXFileReference; fileEncoding = 4; lastKnownFileType = sourcecode.swift; path = DonoViewFactory.swift; sourceTree = "<group>"; };
		E696B7281D3E964800D3339E /* PasscodeLockView.xib */ = {isa = PBXFileReference; fileEncoding = 4; lastKnownFileType = file.xib; path = PasscodeLockView.xib; sourceTree = "<group>"; };
		E696B72C1D3E967D00D3339E /* PasscodeLockConfiguration.swift */ = {isa = PBXFileReference; fileEncoding = 4; lastKnownFileType = sourcecode.swift; path = PasscodeLockConfiguration.swift; sourceTree = "<group>"; };
		E696B72D1D3E967D00D3339E /* PersistableKey.swift */ = {isa = PBXFileReference; fileEncoding = 4; lastKnownFileType = sourcecode.swift; path = PersistableKey.swift; sourceTree = "<group>"; };
		E696B72E1D3E967D00D3339E /* PersistableLabels.swift */ = {isa = PBXFileReference; fileEncoding = 4; lastKnownFileType = sourcecode.swift; path = PersistableLabels.swift; sourceTree = "<group>"; };
		E696B72F1D3E967D00D3339E /* Settings.swift */ = {isa = PBXFileReference; fileEncoding = 4; lastKnownFileType = sourcecode.swift; path = Settings.swift; sourceTree = "<group>"; };
		E696B7301D3E967D00D3339E /* UserDefaultsPasscodeRepository.swift */ = {isa = PBXFileReference; fileEncoding = 4; lastKnownFileType = sourcecode.swift; path = UserDefaultsPasscodeRepository.swift; sourceTree = "<group>"; };
		E6999BF31D3FFBB500E53FAC /* PrivacyPolicyTableViewCell.swift */ = {isa = PBXFileReference; fileEncoding = 4; lastKnownFileType = sourcecode.swift; path = PrivacyPolicyTableViewCell.swift; sourceTree = "<group>"; };
		E6999BF71D4003A900E53FAC /* ContactUsTableViewCell.swift */ = {isa = PBXFileReference; fileEncoding = 4; lastKnownFileType = sourcecode.swift; path = ContactUsTableViewCell.swift; sourceTree = "<group>"; };
		E6999BFB1D40167200E53FAC /* FooterLabel.swift */ = {isa = PBXFileReference; fileEncoding = 4; lastKnownFileType = sourcecode.swift; path = FooterLabel.swift; sourceTree = "<group>"; };
		E6999BFD1D401C8400E53FAC /* ChangePinTableViewCell.swift */ = {isa = PBXFileReference; fileEncoding = 4; lastKnownFileType = sourcecode.swift; path = ChangePinTableViewCell.swift; sourceTree = "<group>"; };
		E6A9BF7A1D69C01B00B39AA2 /* HowItWorksTableViewCell.swift */ = {isa = PBXFileReference; fileEncoding = 4; lastKnownFileType = sourcecode.swift; path = HowItWorksTableViewCell.swift; sourceTree = "<group>"; };
		E6A9BF7E1D69C87D00B39AA2 /* dono.pdf */ = {isa = PBXFileReference; lastKnownFileType = image.pdf; path = dono.pdf; sourceTree = "<group>"; };
		E6CED9251C74DC1F00B7A642 /* Dono.app */ = {isa = PBXFileReference; explicitFileType = wrapper.application; includeInIndex = 0; path = Dono.app; sourceTree = BUILT_PRODUCTS_DIR; };
		E6CED9281C74DC1F00B7A642 /* AppDelegate.swift */ = {isa = PBXFileReference; lastKnownFileType = sourcecode.swift; path = AppDelegate.swift; sourceTree = "<group>"; };
		E6CED92D1C74DC1F00B7A642 /* Base */ = {isa = PBXFileReference; lastKnownFileType = file.storyboard; name = Base; path = Base.lproj/Main.storyboard; sourceTree = "<group>"; };
		E6CED92F1C74DC1F00B7A642 /* Assets.xcassets */ = {isa = PBXFileReference; lastKnownFileType = folder.assetcatalog; path = Assets.xcassets; sourceTree = "<group>"; };
		E6CED9321C74DC1F00B7A642 /* Base */ = {isa = PBXFileReference; lastKnownFileType = file.storyboard; name = Base; path = Base.lproj/LaunchScreen.storyboard; sourceTree = "<group>"; };
		E6CED9341C74DC1F00B7A642 /* Info.plist */ = {isa = PBXFileReference; lastKnownFileType = text.plist.xml; path = Info.plist; sourceTree = "<group>"; };
		E6CED9391C74DC1F00B7A642 /* Dono.xctest */ = {isa = PBXFileReference; explicitFileType = wrapper.cfbundle; includeInIndex = 0; path = Dono.xctest; sourceTree = BUILT_PRODUCTS_DIR; };
		E6CED93D1C74DC1F00B7A642 /* DonoTests.swift */ = {isa = PBXFileReference; lastKnownFileType = sourcecode.swift; path = DonoTests.swift; sourceTree = "<group>"; };
		E6CED93F1C74DC1F00B7A642 /* Info.plist */ = {isa = PBXFileReference; lastKnownFileType = text.plist.xml; path = Info.plist; sourceTree = "<group>"; };
		E6CED9441C74DC1F00B7A642 /* Dono.xctest */ = {isa = PBXFileReference; explicitFileType = wrapper.cfbundle; includeInIndex = 0; path = Dono.xctest; sourceTree = BUILT_PRODUCTS_DIR; };
		E6CED9481C74DC1F00B7A642 /* DonoUITests.swift */ = {isa = PBXFileReference; lastKnownFileType = sourcecode.swift; path = DonoUITests.swift; sourceTree = "<group>"; };
		E6CED94A1C74DC1F00B7A642 /* Info.plist */ = {isa = PBXFileReference; lastKnownFileType = text.plist.xml; path = Info.plist; sourceTree = "<group>"; };
/* End PBXFileReference section */

/* Begin PBXFrameworksBuildPhase section */
		E6CED9221C74DC1F00B7A642 /* Frameworks */ = {
			isa = PBXFrameworksBuildPhase;
			buildActionMask = 2147483647;
			files = (
				FCB12F0142689143A47FFDD4 /* Pods_Dono.framework in Frameworks */,
			);
			runOnlyForDeploymentPostprocessing = 0;
		};
		E6CED9361C74DC1F00B7A642 /* Frameworks */ = {
			isa = PBXFrameworksBuildPhase;
			buildActionMask = 2147483647;
			files = (
				800A2301B267EE4BCAFA7612 /* Pods_DonoTests.framework in Frameworks */,
			);
			runOnlyForDeploymentPostprocessing = 0;
		};
		E6CED9411C74DC1F00B7A642 /* Frameworks */ = {
			isa = PBXFrameworksBuildPhase;
			buildActionMask = 2147483647;
			files = (
				76EBCDB4096C252FF1DAD961 /* Pods_DonoUITests.framework in Frameworks */,
			);
			runOnlyForDeploymentPostprocessing = 0;
		};
/* End PBXFrameworksBuildPhase section */

/* Begin PBXGroup section */
		4AA59C52860C7A8D7608E57E /* Pods */ = {
			isa = PBXGroup;
			children = (
				573C44ED2F6AAB9E81001AAA /* Pods-Dono.debug.xcconfig */,
				E3AE7F8069A51D892D2ACD71 /* Pods-Dono.release.xcconfig */,
				5E338423E74FC715A6839CDC /* Pods-DonoTests.debug.xcconfig */,
				647E1332B920A8D50A4A5459 /* Pods-DonoTests.release.xcconfig */,
				3C143D2776BAF3EA2E32D5A2 /* Pods-DonoUITests.debug.xcconfig */,
				5929B9314FBA949C219797CD /* Pods-DonoUITests.release.xcconfig */,
			);
			name = Pods;
			sourceTree = "<group>";
		};
		6AA334ED2F2AB585AB93AABB /* Frameworks */ = {
			isa = PBXGroup;
			children = (
				90A644B9F23A12D4E84110B7 /* Pods_Dono.framework */,
				99466D8D38FDFDB8C990F5A7 /* Pods_DonoTests.framework */,
				B295025BFFE167C1C6FA3111 /* Pods_DonoUITests.framework */,
			);
			name = Frameworks;
			sourceTree = "<group>";
		};
		E60D56EA1D444A0B001006AE /* Resources */ = {
			isa = PBXGroup;
			children = (
				E6A9BF7E1D69C87D00B39AA2 /* dono.pdf */,
				E60D56EB1D444A0B001006AE /* privacy-policy.pdf */,
			);
			path = Resources;
			sourceTree = "<group>";
		};
		E696B7171D3E961E00D3339E /* ViewControllers */ = {
			isa = PBXGroup;
			children = (
				E696B7181D3E961E00D3339E /* AddLabelViewController.swift */,
				E696B7191D3E961E00D3339E /* BackTableViewController.swift */,
				E696B71A1D3E961E00D3339E /* DonoTableViewController.swift */,
				E696B71B1D3E961E00D3339E /* DonoViewController.swift */,
				E696B71C1D3E961E00D3339E /* KeyViewController.swift */,
				E696B71D1D3E961E00D3339E /* LabelsViewController.swift */,
				E696B71E1D3E961E00D3339E /* SettingsViewController.swift */,
			);
			path = ViewControllers;
			sourceTree = "<group>";
		};
		E696B7261D3E964800D3339E /* Views */ = {
			isa = PBXGroup;
			children = (
				E65660AC1D4949B70017DE75 /* SourceCodeTableViewCell.swift */,
				E696B7271D3E964800D3339E /* DonoViewFactory.swift */,
				E696B7281D3E964800D3339E /* PasscodeLockView.xib */,
				E67689321D3FF89C00536FB2 /* VersionTableViewCell.swift */,
				E6999BF31D3FFBB500E53FAC /* PrivacyPolicyTableViewCell.swift */,
				E6999BF71D4003A900E53FAC /* ContactUsTableViewCell.swift */,
				E6999BFB1D40167200E53FAC /* FooterLabel.swift */,
				E6999BFD1D401C8400E53FAC /* ChangePinTableViewCell.swift */,
				E6A9BF7A1D69C01B00B39AA2 /* HowItWorksTableViewCell.swift */,
			);
			path = Views;
			sourceTree = "<group>";
		};
		E696B72B1D3E967D00D3339E /* Models */ = {
			isa = PBXGroup;
			children = (
				E696B72C1D3E967D00D3339E /* PasscodeLockConfiguration.swift */,
				E696B72D1D3E967D00D3339E /* PersistableKey.swift */,
				E696B72E1D3E967D00D3339E /* PersistableLabels.swift */,
				E696B72F1D3E967D00D3339E /* Settings.swift */,
				E696B7301D3E967D00D3339E /* UserDefaultsPasscodeRepository.swift */,
			);
			path = Models;
			sourceTree = "<group>";
		};
		E6CED91C1C74DC1F00B7A642 = {
			isa = PBXGroup;
			children = (
				E6CED9271C74DC1F00B7A642 /* Dono */,
				E6CED93C1C74DC1F00B7A642 /* Dono Tests */,
				E6CED9471C74DC1F00B7A642 /* Dono UITests */,
				E6CED9261C74DC1F00B7A642 /* Products */,
				4AA59C52860C7A8D7608E57E /* Pods */,
				6AA334ED2F2AB585AB93AABB /* Frameworks */,
			);
			sourceTree = "<group>";
		};
		E6CED9261C74DC1F00B7A642 /* Products */ = {
			isa = PBXGroup;
			children = (
				E6CED9251C74DC1F00B7A642 /* Dono.app */,
				E6CED9391C74DC1F00B7A642 /* Dono.xctest */,
				E6CED9441C74DC1F00B7A642 /* Dono.xctest */,
			);
			name = Products;
			sourceTree = "<group>";
		};
		E6CED9271C74DC1F00B7A642 /* Dono */ = {
			isa = PBXGroup;
			children = (
				E6CED9341C74DC1F00B7A642 /* Info.plist */,
				E6CED92F1C74DC1F00B7A642 /* Assets.xcassets */,
				E60618351D08B0780081B943 /* en.lproj */,
				E60D56EA1D444A0B001006AE /* Resources */,
				E696B72B1D3E967D00D3339E /* Models */,
				E696B7261D3E964800D3339E /* Views */,
				E696B7171D3E961E00D3339E /* ViewControllers */,
				E6CED92C1C74DC1F00B7A642 /* Main.storyboard */,
				E6CED9311C74DC1F00B7A642 /* LaunchScreen.storyboard */,
				E6CED9281C74DC1F00B7A642 /* AppDelegate.swift */,
			);
			path = Dono;
			sourceTree = "<group>";
		};
		E6CED93C1C74DC1F00B7A642 /* Dono Tests */ = {
			isa = PBXGroup;
			children = (
				E6CED93D1C74DC1F00B7A642 /* DonoTests.swift */,
				E6CED93F1C74DC1F00B7A642 /* Info.plist */,
			);
			name = "Dono Tests";
			path = DonoTests;
			sourceTree = "<group>";
		};
		E6CED9471C74DC1F00B7A642 /* Dono UITests */ = {
			isa = PBXGroup;
			children = (
				E6CED9481C74DC1F00B7A642 /* DonoUITests.swift */,
				E6CED94A1C74DC1F00B7A642 /* Info.plist */,
			);
			name = "Dono UITests";
			path = DonoUITests;
			sourceTree = "<group>";
		};
/* End PBXGroup section */

/* Begin PBXNativeTarget section */
		E6CED9241C74DC1F00B7A642 /* Dono */ = {
			isa = PBXNativeTarget;
			buildConfigurationList = E6CED94D1C74DC1F00B7A642 /* Build configuration list for PBXNativeTarget "Dono" */;
			buildPhases = (
				778657397B8B4CFC8A7E7160 /* [CP] Check Pods Manifest.lock */,
				E6CED9211C74DC1F00B7A642 /* Sources */,
				E6CED9221C74DC1F00B7A642 /* Frameworks */,
				E6CED9231C74DC1F00B7A642 /* Resources */,
				17CDF381DEB088C03783803A /* [CP] Embed Pods Frameworks */,
				6736FCBDE2256D4F0DEC9324 /* [CP] Copy Pods Resources */,
			);
			buildRules = (
			);
			dependencies = (
			);
			name = Dono;
			productName = Dono;
			productReference = E6CED9251C74DC1F00B7A642 /* Dono.app */;
			productType = "com.apple.product-type.application";
		};
		E6CED9381C74DC1F00B7A642 /* DonoTests */ = {
			isa = PBXNativeTarget;
			buildConfigurationList = E6CED9501C74DC1F00B7A642 /* Build configuration list for PBXNativeTarget "DonoTests" */;
			buildPhases = (
				DA1E7DCBBED15A68FAC84051 /* [CP] Check Pods Manifest.lock */,
				E6CED9351C74DC1F00B7A642 /* Sources */,
				E6CED9361C74DC1F00B7A642 /* Frameworks */,
				E6CED9371C74DC1F00B7A642 /* Resources */,
				4C68FCA226D75A9EB8DC2685 /* [CP] Embed Pods Frameworks */,
				8590CF393AB90473178239A5 /* [CP] Copy Pods Resources */,
			);
			buildRules = (
			);
			dependencies = (
				E6CED93B1C74DC1F00B7A642 /* PBXTargetDependency */,
			);
			name = DonoTests;
			productName = DonoTests;
			productReference = E6CED9391C74DC1F00B7A642 /* Dono.xctest */;
			productType = "com.apple.product-type.bundle.unit-test";
		};
		E6CED9431C74DC1F00B7A642 /* DonoUITests */ = {
			isa = PBXNativeTarget;
			buildConfigurationList = E6CED9531C74DC1F00B7A642 /* Build configuration list for PBXNativeTarget "DonoUITests" */;
			buildPhases = (
				33B06C27BE3861EAF2CD471A /* [CP] Check Pods Manifest.lock */,
				E6CED9401C74DC1F00B7A642 /* Sources */,
				E6CED9411C74DC1F00B7A642 /* Frameworks */,
				E6CED9421C74DC1F00B7A642 /* Resources */,
				3A04D7ED173ABFF6B1EF2CC3 /* [CP] Copy Pods Resources */,
			);
			buildRules = (
			);
			dependencies = (
				E6CED9461C74DC1F00B7A642 /* PBXTargetDependency */,
			);
			name = DonoUITests;
			productName = DonoUITests;
			productReference = E6CED9441C74DC1F00B7A642 /* Dono.xctest */;
			productType = "com.apple.product-type.bundle.ui-testing";
		};
/* End PBXNativeTarget section */

/* Begin PBXProject section */
		E6CED91D1C74DC1F00B7A642 /* Project object */ = {
			isa = PBXProject;
			attributes = {
				LastSwiftUpdateCheck = 0720;
				LastUpgradeCheck = 0720;
				ORGANIZATIONNAME = "Panos Sakkos";
				TargetAttributes = {
					E6CED9241C74DC1F00B7A642 = {
						CreatedOnToolsVersion = 7.2.1;
						DevelopmentTeam = 3R6MD8JA3P;
					};
					E6CED9381C74DC1F00B7A642 = {
						CreatedOnToolsVersion = 7.2.1;
						TestTargetID = E6CED9241C74DC1F00B7A642;
					};
					E6CED9431C74DC1F00B7A642 = {
						CreatedOnToolsVersion = 7.2.1;
						TestTargetID = E6CED9241C74DC1F00B7A642;
					};
				};
			};
			buildConfigurationList = E6CED9201C74DC1F00B7A642 /* Build configuration list for PBXProject "Dono" */;
			compatibilityVersion = "Xcode 3.2";
			developmentRegion = English;
			hasScannedForEncodings = 0;
			knownRegions = (
				en,
				Base,
			);
			mainGroup = E6CED91C1C74DC1F00B7A642;
			productRefGroup = E6CED9261C74DC1F00B7A642 /* Products */;
			projectDirPath = "";
			projectRoot = "";
			targets = (
				E6CED9241C74DC1F00B7A642 /* Dono */,
				E6CED9381C74DC1F00B7A642 /* DonoTests */,
				E6CED9431C74DC1F00B7A642 /* DonoUITests */,
			);
		};
/* End PBXProject section */

/* Begin PBXResourcesBuildPhase section */
		E6CED9231C74DC1F00B7A642 /* Resources */ = {
			isa = PBXResourcesBuildPhase;
			buildActionMask = 2147483647;
			files = (
				E6CED9331C74DC1F00B7A642 /* LaunchScreen.storyboard in Resources */,
				E6CED9301C74DC1F00B7A642 /* Assets.xcassets in Resources */,
				E696B72A1D3E964800D3339E /* PasscodeLockView.xib in Resources */,
				E6CED92E1C74DC1F00B7A642 /* Main.storyboard in Resources */,
				E60618361D08B0780081B943 /* en.lproj in Resources */,
				E6A9BF7F1D69C87D00B39AA2 /* dono.pdf in Resources */,
				E60D56EC1D444A0B001006AE /* privacy-policy.pdf in Resources */,
			);
			runOnlyForDeploymentPostprocessing = 0;
		};
		E6CED9371C74DC1F00B7A642 /* Resources */ = {
			isa = PBXResourcesBuildPhase;
			buildActionMask = 2147483647;
			files = (
			);
			runOnlyForDeploymentPostprocessing = 0;
		};
		E6CED9421C74DC1F00B7A642 /* Resources */ = {
			isa = PBXResourcesBuildPhase;
			buildActionMask = 2147483647;
			files = (
			);
			runOnlyForDeploymentPostprocessing = 0;
		};
/* End PBXResourcesBuildPhase section */

/* Begin PBXShellScriptBuildPhase section */
		17CDF381DEB088C03783803A /* [CP] Embed Pods Frameworks */ = {
			isa = PBXShellScriptBuildPhase;
			buildActionMask = 2147483647;
			files = (
			);
			inputPaths = (
			);
			name = "[CP] Embed Pods Frameworks";
			outputPaths = (
			);
			runOnlyForDeploymentPostprocessing = 0;
			shellPath = /bin/sh;
			shellScript = "\"${SRCROOT}/Pods/Target Support Files/Pods-Dono/Pods-Dono-frameworks.sh\"\n";
			showEnvVarsInLog = 0;
		};
		33B06C27BE3861EAF2CD471A /* [CP] Check Pods Manifest.lock */ = {
			isa = PBXShellScriptBuildPhase;
			buildActionMask = 2147483647;
			files = (
			);
			inputPaths = (
			);
			name = "[CP] Check Pods Manifest.lock";
			outputPaths = (
			);
			runOnlyForDeploymentPostprocessing = 0;
			shellPath = /bin/sh;
			shellScript = "diff \"${PODS_ROOT}/../Podfile.lock\" \"${PODS_ROOT}/Manifest.lock\" > /dev/null\nif [[ $? != 0 ]] ; then\n    cat << EOM\nerror: The sandbox is not in sync with the Podfile.lock. Run 'pod install' or update your CocoaPods installation.\nEOM\n    exit 1\nfi\n";
			showEnvVarsInLog = 0;
		};
		3A04D7ED173ABFF6B1EF2CC3 /* [CP] Copy Pods Resources */ = {
			isa = PBXShellScriptBuildPhase;
			buildActionMask = 2147483647;
			files = (
			);
			inputPaths = (
			);
			name = "[CP] Copy Pods Resources";
			outputPaths = (
			);
			runOnlyForDeploymentPostprocessing = 0;
			shellPath = /bin/sh;
			shellScript = "\"${SRCROOT}/Pods/Target Support Files/Pods-DonoUITests/Pods-DonoUITests-resources.sh\"\n";
			showEnvVarsInLog = 0;
		};
		4C68FCA226D75A9EB8DC2685 /* [CP] Embed Pods Frameworks */ = {
			isa = PBXShellScriptBuildPhase;
			buildActionMask = 2147483647;
			files = (
			);
			inputPaths = (
			);
			name = "[CP] Embed Pods Frameworks";
			outputPaths = (
			);
			runOnlyForDeploymentPostprocessing = 0;
			shellPath = /bin/sh;
			shellScript = "\"${SRCROOT}/Pods/Target Support Files/Pods-DonoTests/Pods-DonoTests-frameworks.sh\"\n";
			showEnvVarsInLog = 0;
		};
		6736FCBDE2256D4F0DEC9324 /* [CP] Copy Pods Resources */ = {
			isa = PBXShellScriptBuildPhase;
			buildActionMask = 2147483647;
			files = (
			);
			inputPaths = (
			);
			name = "[CP] Copy Pods Resources";
			outputPaths = (
			);
			runOnlyForDeploymentPostprocessing = 0;
			shellPath = /bin/sh;
			shellScript = "\"${SRCROOT}/Pods/Target Support Files/Pods-Dono/Pods-Dono-resources.sh\"\n";
			showEnvVarsInLog = 0;
		};
		778657397B8B4CFC8A7E7160 /* [CP] Check Pods Manifest.lock */ = {
			isa = PBXShellScriptBuildPhase;
			buildActionMask = 2147483647;
			files = (
			);
			inputPaths = (
			);
			name = "[CP] Check Pods Manifest.lock";
			outputPaths = (
			);
			runOnlyForDeploymentPostprocessing = 0;
			shellPath = /bin/sh;
			shellScript = "diff \"${PODS_ROOT}/../Podfile.lock\" \"${PODS_ROOT}/Manifest.lock\" > /dev/null\nif [[ $? != 0 ]] ; then\n    cat << EOM\nerror: The sandbox is not in sync with the Podfile.lock. Run 'pod install' or update your CocoaPods installation.\nEOM\n    exit 1\nfi\n";
			showEnvVarsInLog = 0;
		};
		8590CF393AB90473178239A5 /* [CP] Copy Pods Resources */ = {
			isa = PBXShellScriptBuildPhase;
			buildActionMask = 2147483647;
			files = (
			);
			inputPaths = (
			);
			name = "[CP] Copy Pods Resources";
			outputPaths = (
			);
			runOnlyForDeploymentPostprocessing = 0;
			shellPath = /bin/sh;
			shellScript = "\"${SRCROOT}/Pods/Target Support Files/Pods-DonoTests/Pods-DonoTests-resources.sh\"\n";
			showEnvVarsInLog = 0;
		};
		DA1E7DCBBED15A68FAC84051 /* [CP] Check Pods Manifest.lock */ = {
			isa = PBXShellScriptBuildPhase;
			buildActionMask = 2147483647;
			files = (
			);
			inputPaths = (
			);
			name = "[CP] Check Pods Manifest.lock";
			outputPaths = (
			);
			runOnlyForDeploymentPostprocessing = 0;
			shellPath = /bin/sh;
			shellScript = "diff \"${PODS_ROOT}/../Podfile.lock\" \"${PODS_ROOT}/Manifest.lock\" > /dev/null\nif [[ $? != 0 ]] ; then\n    cat << EOM\nerror: The sandbox is not in sync with the Podfile.lock. Run 'pod install' or update your CocoaPods installation.\nEOM\n    exit 1\nfi\n";
			showEnvVarsInLog = 0;
		};
/* End PBXShellScriptBuildPhase section */

/* Begin PBXSourcesBuildPhase section */
		E6CED9211C74DC1F00B7A642 /* Sources */ = {
			isa = PBXSourcesBuildPhase;
			buildActionMask = 2147483647;
			files = (
				E6999BF81D4003A900E53FAC /* ContactUsTableViewCell.swift in Sources */,
				E6999BFE1D401C8400E53FAC /* ChangePinTableViewCell.swift in Sources */,
				E696B7211D3E961E00D3339E /* DonoTableViewController.swift in Sources */,
				E696B7291D3E964800D3339E /* DonoViewFactory.swift in Sources */,
				E696B7341D3E967D00D3339E /* Settings.swift in Sources */,
				E6A9BF7B1D69C01B00B39AA2 /* HowItWorksTableViewCell.swift in Sources */,
				E696B7241D3E961E00D3339E /* LabelsViewController.swift in Sources */,
				E65660AD1D4949B70017DE75 /* SourceCodeTableViewCell.swift in Sources */,
				E67689331D3FF89C00536FB2 /* VersionTableViewCell.swift in Sources */,
				E696B7321D3E967D00D3339E /* PersistableKey.swift in Sources */,
				E696B7311D3E967D00D3339E /* PasscodeLockConfiguration.swift in Sources */,
				E696B7351D3E967D00D3339E /* UserDefaultsPasscodeRepository.swift in Sources */,
				E6999BF41D3FFBB500E53FAC /* PrivacyPolicyTableViewCell.swift in Sources */,
				E6CED9291C74DC1F00B7A642 /* AppDelegate.swift in Sources */,
				E696B7251D3E961E00D3339E /* SettingsViewController.swift in Sources */,
				E696B7221D3E961E00D3339E /* DonoViewController.swift in Sources */,
				E696B7201D3E961E00D3339E /* BackTableViewController.swift in Sources */,
				E696B7231D3E961E00D3339E /* KeyViewController.swift in Sources */,
				E696B71F1D3E961E00D3339E /* AddLabelViewController.swift in Sources */,
				E696B7331D3E967D00D3339E /* PersistableLabels.swift in Sources */,
				E6999BFC1D40167200E53FAC /* FooterLabel.swift in Sources */,
			);
			runOnlyForDeploymentPostprocessing = 0;
		};
		E6CED9351C74DC1F00B7A642 /* Sources */ = {
			isa = PBXSourcesBuildPhase;
			buildActionMask = 2147483647;
			files = (
				E6CED93E1C74DC1F00B7A642 /* DonoTests.swift in Sources */,
			);
			runOnlyForDeploymentPostprocessing = 0;
		};
		E6CED9401C74DC1F00B7A642 /* Sources */ = {
			isa = PBXSourcesBuildPhase;
			buildActionMask = 2147483647;
			files = (
				E6CED9491C74DC1F00B7A642 /* DonoUITests.swift in Sources */,
			);
			runOnlyForDeploymentPostprocessing = 0;
		};
/* End PBXSourcesBuildPhase section */

/* Begin PBXTargetDependency section */
		E6CED93B1C74DC1F00B7A642 /* PBXTargetDependency */ = {
			isa = PBXTargetDependency;
			target = E6CED9241C74DC1F00B7A642 /* Dono */;
			targetProxy = E6CED93A1C74DC1F00B7A642 /* PBXContainerItemProxy */;
		};
		E6CED9461C74DC1F00B7A642 /* PBXTargetDependency */ = {
			isa = PBXTargetDependency;
			target = E6CED9241C74DC1F00B7A642 /* Dono */;
			targetProxy = E6CED9451C74DC1F00B7A642 /* PBXContainerItemProxy */;
		};
/* End PBXTargetDependency section */

/* Begin PBXVariantGroup section */
		E6CED92C1C74DC1F00B7A642 /* Main.storyboard */ = {
			isa = PBXVariantGroup;
			children = (
				E6CED92D1C74DC1F00B7A642 /* Base */,
			);
			name = Main.storyboard;
			sourceTree = "<group>";
		};
		E6CED9311C74DC1F00B7A642 /* LaunchScreen.storyboard */ = {
			isa = PBXVariantGroup;
			children = (
				E6CED9321C74DC1F00B7A642 /* Base */,
			);
			name = LaunchScreen.storyboard;
			sourceTree = "<group>";
		};
/* End PBXVariantGroup section */

/* Begin XCBuildConfiguration section */
		E6CED94B1C74DC1F00B7A642 /* Debug */ = {
			isa = XCBuildConfiguration;
			buildSettings = {
				ALWAYS_SEARCH_USER_PATHS = NO;
				CLANG_CXX_LANGUAGE_STANDARD = "gnu++0x";
				CLANG_CXX_LIBRARY = "libc++";
				CLANG_ENABLE_MODULES = YES;
				CLANG_ENABLE_OBJC_ARC = YES;
				CLANG_WARN_BOOL_CONVERSION = YES;
				CLANG_WARN_CONSTANT_CONVERSION = YES;
				CLANG_WARN_DIRECT_OBJC_ISA_USAGE = YES_ERROR;
				CLANG_WARN_EMPTY_BODY = YES;
				CLANG_WARN_ENUM_CONVERSION = YES;
				CLANG_WARN_INT_CONVERSION = YES;
				CLANG_WARN_OBJC_ROOT_CLASS = YES_ERROR;
				CLANG_WARN_UNREACHABLE_CODE = YES;
				CLANG_WARN__DUPLICATE_METHOD_MATCH = YES;
				"CODE_SIGN_IDENTITY[sdk=iphoneos*]" = "iPhone Developer";
				COPY_PHASE_STRIP = NO;
				DEBUG_INFORMATION_FORMAT = dwarf;
				ENABLE_STRICT_OBJC_MSGSEND = YES;
				ENABLE_TESTABILITY = YES;
				GCC_C_LANGUAGE_STANDARD = gnu99;
				GCC_DYNAMIC_NO_PIC = NO;
				GCC_NO_COMMON_BLOCKS = YES;
				GCC_OPTIMIZATION_LEVEL = 0;
				GCC_PREPROCESSOR_DEFINITIONS = (
					"DEBUG=1",
					"$(inherited)",
				);
				GCC_WARN_64_TO_32_BIT_CONVERSION = YES;
				GCC_WARN_ABOUT_RETURN_TYPE = YES_ERROR;
				GCC_WARN_UNDECLARED_SELECTOR = YES;
				GCC_WARN_UNINITIALIZED_AUTOS = YES_AGGRESSIVE;
				GCC_WARN_UNUSED_FUNCTION = YES;
				GCC_WARN_UNUSED_VARIABLE = YES;
				IPHONEOS_DEPLOYMENT_TARGET = 9.3;
				MTL_ENABLE_DEBUG_INFO = YES;
				ONLY_ACTIVE_ARCH = YES;
				SDKROOT = iphoneos;
				SWIFT_OPTIMIZATION_LEVEL = "-Onone";
				TARGETED_DEVICE_FAMILY = "1,2";
			};
			name = Debug;
		};
		E6CED94C1C74DC1F00B7A642 /* Release */ = {
			isa = XCBuildConfiguration;
			buildSettings = {
				ALWAYS_SEARCH_USER_PATHS = NO;
				CLANG_CXX_LANGUAGE_STANDARD = "gnu++0x";
				CLANG_CXX_LIBRARY = "libc++";
				CLANG_ENABLE_MODULES = YES;
				CLANG_ENABLE_OBJC_ARC = YES;
				CLANG_WARN_BOOL_CONVERSION = YES;
				CLANG_WARN_CONSTANT_CONVERSION = YES;
				CLANG_WARN_DIRECT_OBJC_ISA_USAGE = YES_ERROR;
				CLANG_WARN_EMPTY_BODY = YES;
				CLANG_WARN_ENUM_CONVERSION = YES;
				CLANG_WARN_INT_CONVERSION = YES;
				CLANG_WARN_OBJC_ROOT_CLASS = YES_ERROR;
				CLANG_WARN_UNREACHABLE_CODE = YES;
				CLANG_WARN__DUPLICATE_METHOD_MATCH = YES;
				"CODE_SIGN_IDENTITY[sdk=iphoneos*]" = "iPhone Developer";
				COPY_PHASE_STRIP = NO;
				DEBUG_INFORMATION_FORMAT = "dwarf-with-dsym";
				ENABLE_NS_ASSERTIONS = NO;
				ENABLE_STRICT_OBJC_MSGSEND = YES;
				GCC_C_LANGUAGE_STANDARD = gnu99;
				GCC_NO_COMMON_BLOCKS = YES;
				GCC_WARN_64_TO_32_BIT_CONVERSION = YES;
				GCC_WARN_ABOUT_RETURN_TYPE = YES_ERROR;
				GCC_WARN_UNDECLARED_SELECTOR = YES;
				GCC_WARN_UNINITIALIZED_AUTOS = YES_AGGRESSIVE;
				GCC_WARN_UNUSED_FUNCTION = YES;
				GCC_WARN_UNUSED_VARIABLE = YES;
				IPHONEOS_DEPLOYMENT_TARGET = 9.3;
				MTL_ENABLE_DEBUG_INFO = NO;
				SDKROOT = iphoneos;
				TARGETED_DEVICE_FAMILY = "1,2";
				VALIDATE_PRODUCT = YES;
			};
			name = Release;
		};
		E6CED94E1C74DC1F00B7A642 /* Debug */ = {
			isa = XCBuildConfiguration;
			baseConfigurationReference = 573C44ED2F6AAB9E81001AAA /* Pods-Dono.debug.xcconfig */;
			buildSettings = {
				ASSETCATALOG_COMPILER_APPICON_NAME = AppIcon;
				CODE_SIGN_IDENTITY = "iPhone Developer";
				"CODE_SIGN_IDENTITY[sdk=iphoneos*]" = "iPhone Developer";
				FRAMEWORK_SEARCH_PATHS = "$(inherited)";
				INFOPLIST_FILE = Dono/Info.plist;
				IPHONEOS_DEPLOYMENT_TARGET = 9.3;
				LD_RUNPATH_SEARCH_PATHS = "$(inherited) @executable_path/Frameworks";
				PRODUCT_BUNDLE_IDENTIFIER = com.org.dono.ios;
				PRODUCT_NAME = Dono;
				PROVISIONING_PROFILE = "";
				SWIFT_INCLUDE_PATHS = "";
			};
			name = Debug;
		};
		E6CED94F1C74DC1F00B7A642 /* Release */ = {
			isa = XCBuildConfiguration;
			baseConfigurationReference = E3AE7F8069A51D892D2ACD71 /* Pods-Dono.release.xcconfig */;
			buildSettings = {
				ASSETCATALOG_COMPILER_APPICON_NAME = AppIcon;
				CODE_SIGN_IDENTITY = "iPhone Developer";
				"CODE_SIGN_IDENTITY[sdk=iphoneos*]" = "iPhone Developer";
				FRAMEWORK_SEARCH_PATHS = "$(inherited)";
				INFOPLIST_FILE = Dono/Info.plist;
				IPHONEOS_DEPLOYMENT_TARGET = 9.3;
				LD_RUNPATH_SEARCH_PATHS = "$(inherited) @executable_path/Frameworks";
				PRODUCT_BUNDLE_IDENTIFIER = com.org.dono.ios;
				PRODUCT_NAME = Dono;
				PROVISIONING_PROFILE = "";
				SWIFT_INCLUDE_PATHS = "";
			};
			name = Release;
		};
		E6CED9511C74DC1F00B7A642 /* Debug */ = {
			isa = XCBuildConfiguration;
			baseConfigurationReference = 5E338423E74FC715A6839CDC /* Pods-DonoTests.debug.xcconfig */;
			buildSettings = {
				BUNDLE_LOADER = "$(TEST_HOST)";
				INFOPLIST_FILE = DonoTests/Info.plist;
				LD_RUNPATH_SEARCH_PATHS = "$(inherited) @executable_path/Frameworks @loader_path/Frameworks";
				PRODUCT_BUNDLE_IDENTIFIER = "Dono.One-PasswordsTests";
				PRODUCT_NAME = Dono;
				TEST_HOST = "$(BUILT_PRODUCTS_DIR)/Dono.app/Dono";
			};
			name = Debug;
		};
		E6CED9521C74DC1F00B7A642 /* Release */ = {
			isa = XCBuildConfiguration;
			baseConfigurationReference = 647E1332B920A8D50A4A5459 /* Pods-DonoTests.release.xcconfig */;
			buildSettings = {
				BUNDLE_LOADER = "$(TEST_HOST)";
				INFOPLIST_FILE = DonoTests/Info.plist;
				LD_RUNPATH_SEARCH_PATHS = "$(inherited) @executable_path/Frameworks @loader_path/Frameworks";
				PRODUCT_BUNDLE_IDENTIFIER = "Dono.One-PasswordsTests";
				PRODUCT_NAME = Dono;
				TEST_HOST = "$(BUILT_PRODUCTS_DIR)/Dono.app/Dono";
			};
			name = Release;
		};
		E6CED9541C74DC1F00B7A642 /* Debug */ = {
			isa = XCBuildConfiguration;
			baseConfigurationReference = 3C143D2776BAF3EA2E32D5A2 /* Pods-DonoUITests.debug.xcconfig */;
			buildSettings = {
				INFOPLIST_FILE = DonoUITests/Info.plist;
				LD_RUNPATH_SEARCH_PATHS = "$(inherited) @executable_path/Frameworks @loader_path/Frameworks";
				PRODUCT_BUNDLE_IDENTIFIER = "Dono.One-PasswordsUITests";
				PRODUCT_NAME = Dono;
				TEST_TARGET_NAME = Dono;
				USES_XCTRUNNER = YES;
			};
			name = Debug;
		};
		E6CED9551C74DC1F00B7A642 /* Release */ = {
			isa = XCBuildConfiguration;
			baseConfigurationReference = 5929B9314FBA949C219797CD /* Pods-DonoUITests.release.xcconfig */;
			buildSettings = {
				INFOPLIST_FILE = DonoUITests/Info.plist;
				LD_RUNPATH_SEARCH_PATHS = "$(inherited) @executable_path/Frameworks @loader_path/Frameworks";
				PRODUCT_BUNDLE_IDENTIFIER = "Dono.One-PasswordsUITests";
				PRODUCT_NAME = Dono;
				TEST_TARGET_NAME = Dono;
				USES_XCTRUNNER = YES;
			};
			name = Release;
		};
/* End XCBuildConfiguration section */

/* Begin XCConfigurationList section */
		E6CED9201C74DC1F00B7A642 /* Build configuration list for PBXProject "Dono" */ = {
			isa = XCConfigurationList;
			buildConfigurations = (
				E6CED94B1C74DC1F00B7A642 /* Debug */,
				E6CED94C1C74DC1F00B7A642 /* Release */,
			);
			defaultConfigurationIsVisible = 0;
			defaultConfigurationName = Release;
		};
		E6CED94D1C74DC1F00B7A642 /* Build configuration list for PBXNativeTarget "Dono" */ = {
			isa = XCConfigurationList;
			buildConfigurations = (
				E6CED94E1C74DC1F00B7A642 /* Debug */,
				E6CED94F1C74DC1F00B7A642 /* Release */,
			);
			defaultConfigurationIsVisible = 0;
			defaultConfigurationName = Release;
		};
		E6CED9501C74DC1F00B7A642 /* Build configuration list for PBXNativeTarget "DonoTests" */ = {
			isa = XCConfigurationList;
			buildConfigurations = (
				E6CED9511C74DC1F00B7A642 /* Debug */,
				E6CED9521C74DC1F00B7A642 /* Release */,
			);
			defaultConfigurationIsVisible = 0;
			defaultConfigurationName = Release;
		};
		E6CED9531C74DC1F00B7A642 /* Build configuration list for PBXNativeTarget "DonoUITests" */ = {
			isa = XCConfigurationList;
			buildConfigurations = (
				E6CED9541C74DC1F00B7A642 /* Debug */,
				E6CED9551C74DC1F00B7A642 /* Release */,
			);
			defaultConfigurationIsVisible = 0;
			defaultConfigurationName = Release;
		};
/* End XCConfigurationList section */
	};
	rootObject = E6CED91D1C74DC1F00B7A642 /* Project object */;
}
